
Microsoft Visual Studio Solution File, Format Version 12.00
# Visual Studio Version 16
VisualStudioVersion = 16.0.31005.135
MinimumVisualStudioVersion = 10.0.40219.1
Project("{FAE04EC0-301F-11D3-BF4B-00C04F79EFBC}") = "BLL", "BLL\BLL.csproj", "{AA81F8BC-4485-4880-B0B4-1D6861CFEF26}"
EndProject
Global
	GlobalSection(SolutionConfigurationPlatforms) = preSolution
		Debug|Any CPU = Debug|Any CPU
		Release|Any CPU = Release|Any CPU
	EndGlobalSection
	GlobalSection(ProjectConfigurationPlatforms) = postSolution
		{AA81F8BC-4485-4880-B0B4-1D6861CFEF26}.Debug|Any CPU.ActiveCfg = Debug|Any CPU
		{AA81F8BC-4485-4880-B0B4-1D6861CFEF26}.Debug|Any CPU.Build.0 = Debug|Any CPU
		{AA81F8BC-4485-4880-B0B4-1D6861CFEF26}.Release|Any CPU.ActiveCfg = Release|Any CPU
		{AA81F8BC-4485-4880-B0B4-1D6861CFEF26}.Release|Any CPU.Build.0 = Release|Any CPU
	EndGlobalSection
	GlobalSection(SolutionProperties) = preSolution
		HideSolutionNode = FALSE
	EndGlobalSection
	GlobalSection(ExtensibilityGlobals) = postSolution
		SolutionGuid = {C679144B-2B2C-406C-A10D-E7F5183F410A}
	EndGlobalSection
EndGlobal
