
Microsoft Visual Studio Solution File, Format Version 12.00
# Visual Studio Version 16
VisualStudioVersion = 16.0.30225.117
MinimumVisualStudioVersion = 10.0.40219.1
Project("{9A19103F-16F7-4668-BE54-9A1E7A4F7556}") = "ELPServer", "ELPServer\ELPServer.csproj", "{F2889453-8863-42D5-8A16-0FD932C88B28}"
EndProject
Project("{FAE04EC0-301F-11D3-BF4B-00C04F79EFBC}") = "DAL", "DAL\DAL.csproj", "{BC8E3B6D-3C6E-4AFF-83CF-D7D798DF73D3}"
EndProject
Project("{FAE04EC0-301F-11D3-BF4B-00C04F79EFBC}") = "BLL", "BLL\BLL.csproj", "{8DE60633-3A24-4ACF-A2D5-F6B06EA941E2}"
EndProject
Global
	GlobalSection(SolutionConfigurationPlatforms) = preSolution
		Debug|Any CPU = Debug|Any CPU
		Release|Any CPU = Release|Any CPU
	EndGlobalSection
	GlobalSection(ProjectConfigurationPlatforms) = postSolution
		{F2889453-8863-42D5-8A16-0FD932C88B28}.Debug|Any CPU.ActiveCfg = Debug|Any CPU
		{F2889453-8863-42D5-8A16-0FD932C88B28}.Debug|Any CPU.Build.0 = Debug|Any CPU
		{F2889453-8863-42D5-8A16-0FD932C88B28}.Release|Any CPU.ActiveCfg = Release|Any CPU
		{F2889453-8863-42D5-8A16-0FD932C88B28}.Release|Any CPU.Build.0 = Release|Any CPU
		{BC8E3B6D-3C6E-4AFF-83CF-D7D798DF73D3}.Debug|Any CPU.ActiveCfg = Debug|Any CPU
		{BC8E3B6D-3C6E-4AFF-83CF-D7D798DF73D3}.Debug|Any CPU.Build.0 = Debug|Any CPU
		{BC8E3B6D-3C6E-4AFF-83CF-D7D798DF73D3}.Release|Any CPU.ActiveCfg = Release|Any CPU
		{BC8E3B6D-3C6E-4AFF-83CF-D7D798DF73D3}.Release|Any CPU.Build.0 = Release|Any CPU
		{8DE60633-3A24-4ACF-A2D5-F6B06EA941E2}.Debug|Any CPU.ActiveCfg = Debug|Any CPU
		{8DE60633-3A24-4ACF-A2D5-F6B06EA941E2}.Debug|Any CPU.Build.0 = Debug|Any CPU
		{8DE60633-3A24-4ACF-A2D5-F6B06EA941E2}.Release|Any CPU.ActiveCfg = Release|Any CPU
		{8DE60633-3A24-4ACF-A2D5-F6B06EA941E2}.Release|Any CPU.Build.0 = Release|Any CPU
	EndGlobalSection
	GlobalSection(SolutionProperties) = preSolution
		HideSolutionNode = FALSE
	EndGlobalSection
	GlobalSection(ExtensibilityGlobals) = postSolution
		SolutionGuid = {664D036F-518B-482F-9211-3E43BE98077C}
	EndGlobalSection
EndGlobal
